// !$*UTF8*$!
{
	archiveVersion = 1;
	classes = {
	};
	objectVersion = 50;
	objects = {

/* Begin PBXBuildFile section */
		FA57288525A9E26800EFCF46 /* AppDelegate.swift in Sources */ = {isa = PBXBuildFile; fileRef = FA57288425A9E26800EFCF46 /* AppDelegate.swift */; };
		FA57288E25A9E26A00EFCF46 /* Assets.xcassets in Resources */ = {isa = PBXBuildFile; fileRef = FA57288D25A9E26A00EFCF46 /* Assets.xcassets */; };
		FA57289125A9E26A00EFCF46 /* LaunchScreen.storyboard in Resources */ = {isa = PBXBuildFile; fileRef = FA57288F25A9E26A00EFCF46 /* LaunchScreen.storyboard */; };
		FA5728A125A9E5F300EFCF46 /* NibInit.swift in Sources */ = {isa = PBXBuildFile; fileRef = FA5728A025A9E5F300EFCF46 /* NibInit.swift */; };
		FA5728A825A9E6D700EFCF46 /* ListViewController.swift in Sources */ = {isa = PBXBuildFile; fileRef = FA5728A625A9E6D700EFCF46 /* ListViewController.swift */; };
		FA5728A925A9E6D700EFCF46 /* ListViewController.xib in Resources */ = {isa = PBXBuildFile; fileRef = FA5728A725A9E6D700EFCF46 /* ListViewController.xib */; };
		FA5728AE25A9EB9900EFCF46 /* Constants.swift in Sources */ = {isa = PBXBuildFile; fileRef = FA5728AD25A9EB9900EFCF46 /* Constants.swift */; };
		FA5728BC25A9FA4400EFCF46 /* GetCityWeatherService.swift in Sources */ = {isa = PBXBuildFile; fileRef = FA5728BB25A9FA4400EFCF46 /* GetCityWeatherService.swift */; };
		FA5728BF25A9FCA000EFCF46 /* NetworkHelpers.swift in Sources */ = {isa = PBXBuildFile; fileRef = FA5728BE25A9FCA000EFCF46 /* NetworkHelpers.swift */; };
		FA5728C425AA08AD00EFCF46 /* Location.swift in Sources */ = {isa = PBXBuildFile; fileRef = FA5728C325AA08AD00EFCF46 /* Location.swift */; };
		FA5728C925AA0F0200EFCF46 /* CityWeather.swift in Sources */ = {isa = PBXBuildFile; fileRef = FA5728C825AA0F0200EFCF46 /* CityWeather.swift */; };
		FA5728CC25AA186F00EFCF46 /* HTTPURLResponse+StatusCode.swift in Sources */ = {isa = PBXBuildFile; fileRef = FA5728CB25AA186F00EFCF46 /* HTTPURLResponse+StatusCode.swift */; };
		FA5728CF25AA245400EFCF46 /* WeatherCondition.swift in Sources */ = {isa = PBXBuildFile; fileRef = FA5728CE25AA245400EFCF46 /* WeatherCondition.swift */; };
		FA5728D225AA247400EFCF46 /* CurrentWeather.swift in Sources */ = {isa = PBXBuildFile; fileRef = FA5728D125AA247400EFCF46 /* CurrentWeather.swift */; };
		FA5728D525AA2D0600EFCF46 /* PredictedWeather.swift in Sources */ = {isa = PBXBuildFile; fileRef = FA5728D425AA2D0600EFCF46 /* PredictedWeather.swift */; };
		FA5728D925AA2D8700EFCF46 /* GetCityWeatherMultiRequestDecorator.swift in Sources */ = {isa = PBXBuildFile; fileRef = FA5728D825AA2D8700EFCF46 /* GetCityWeatherMultiRequestDecorator.swift */; };
		FA5728DD25AA382A00EFCF46 /* ListViewControllerDataModel.swift in Sources */ = {isa = PBXBuildFile; fileRef = FA5728DC25AA382A00EFCF46 /* ListViewControllerDataModel.swift */; };
		FA5728E225AA42F900EFCF46 /* WeatherCell.swift in Sources */ = {isa = PBXBuildFile; fileRef = FA5728E025AA42F900EFCF46 /* WeatherCell.swift */; };
		FA5728E325AA42F900EFCF46 /* WeatherCell.xib in Resources */ = {isa = PBXBuildFile; fileRef = FA5728E125AA42F900EFCF46 /* WeatherCell.xib */; };
		FA5728E925AA487C00EFCF46 /* UITableView+Extension.swift in Sources */ = {isa = PBXBuildFile; fileRef = FA5728E825AA487C00EFCF46 /* UITableView+Extension.swift */; };
		FA7B1AF125AAF5200028DD70 /* DetailViewController.swift in Sources */ = {isa = PBXBuildFile; fileRef = FA7B1AEF25AAF5200028DD70 /* DetailViewController.swift */; };
		FA7B1AF225AAF5200028DD70 /* DetailViewController.xib in Resources */ = {isa = PBXBuildFile; fileRef = FA7B1AF025AAF5200028DD70 /* DetailViewController.xib */; };
/* End PBXBuildFile section */

/* Begin PBXFileReference section */
		FA57288125A9E26800EFCF46 /* WeatherApp.app */ = {isa = PBXFileReference; explicitFileType = wrapper.application; includeInIndex = 0; path = WeatherApp.app; sourceTree = BUILT_PRODUCTS_DIR; };
		FA57288425A9E26800EFCF46 /* AppDelegate.swift */ = {isa = PBXFileReference; lastKnownFileType = sourcecode.swift; path = AppDelegate.swift; sourceTree = "<group>"; };
		FA57288D25A9E26A00EFCF46 /* Assets.xcassets */ = {isa = PBXFileReference; lastKnownFileType = folder.assetcatalog; path = Assets.xcassets; sourceTree = "<group>"; };
		FA57289025A9E26A00EFCF46 /* Base */ = {isa = PBXFileReference; lastKnownFileType = file.storyboard; name = Base; path = Base.lproj/LaunchScreen.storyboard; sourceTree = "<group>"; };
		FA57289225A9E26A00EFCF46 /* Info.plist */ = {isa = PBXFileReference; lastKnownFileType = text.plist.xml; path = Info.plist; sourceTree = "<group>"; };
		FA5728A025A9E5F300EFCF46 /* NibInit.swift */ = {isa = PBXFileReference; lastKnownFileType = sourcecode.swift; path = NibInit.swift; sourceTree = "<group>"; };
		FA5728A625A9E6D700EFCF46 /* ListViewController.swift */ = {isa = PBXFileReference; lastKnownFileType = sourcecode.swift; path = ListViewController.swift; sourceTree = "<group>"; };
		FA5728A725A9E6D700EFCF46 /* ListViewController.xib */ = {isa = PBXFileReference; lastKnownFileType = file.xib; path = ListViewController.xib; sourceTree = "<group>"; };
		FA5728AD25A9EB9900EFCF46 /* Constants.swift */ = {isa = PBXFileReference; lastKnownFileType = sourcecode.swift; path = Constants.swift; sourceTree = "<group>"; };
		FA5728BB25A9FA4400EFCF46 /* GetCityWeatherService.swift */ = {isa = PBXFileReference; lastKnownFileType = sourcecode.swift; path = GetCityWeatherService.swift; sourceTree = "<group>"; };
		FA5728BE25A9FCA000EFCF46 /* NetworkHelpers.swift */ = {isa = PBXFileReference; lastKnownFileType = sourcecode.swift; path = NetworkHelpers.swift; sourceTree = "<group>"; };
		FA5728C325AA08AD00EFCF46 /* Location.swift */ = {isa = PBXFileReference; lastKnownFileType = sourcecode.swift; path = Location.swift; sourceTree = "<group>"; };
		FA5728C825AA0F0200EFCF46 /* CityWeather.swift */ = {isa = PBXFileReference; lastKnownFileType = sourcecode.swift; path = CityWeather.swift; sourceTree = "<group>"; };
		FA5728CB25AA186F00EFCF46 /* HTTPURLResponse+StatusCode.swift */ = {isa = PBXFileReference; lastKnownFileType = sourcecode.swift; path = "HTTPURLResponse+StatusCode.swift"; sourceTree = "<group>"; };
		FA5728CE25AA245400EFCF46 /* WeatherCondition.swift */ = {isa = PBXFileReference; lastKnownFileType = sourcecode.swift; path = WeatherCondition.swift; sourceTree = "<group>"; };
		FA5728D125AA247400EFCF46 /* CurrentWeather.swift */ = {isa = PBXFileReference; lastKnownFileType = sourcecode.swift; path = CurrentWeather.swift; sourceTree = "<group>"; };
		FA5728D425AA2D0600EFCF46 /* PredictedWeather.swift */ = {isa = PBXFileReference; lastKnownFileType = sourcecode.swift; path = PredictedWeather.swift; sourceTree = "<group>"; };
		FA5728D825AA2D8700EFCF46 /* GetCityWeatherMultiRequestDecorator.swift */ = {isa = PBXFileReference; lastKnownFileType = sourcecode.swift; path = GetCityWeatherMultiRequestDecorator.swift; sourceTree = "<group>"; };
		FA5728DC25AA382A00EFCF46 /* ListViewControllerDataModel.swift */ = {isa = PBXFileReference; lastKnownFileType = sourcecode.swift; path = ListViewControllerDataModel.swift; sourceTree = "<group>"; };
		FA5728E025AA42F900EFCF46 /* WeatherCell.swift */ = {isa = PBXFileReference; lastKnownFileType = sourcecode.swift; path = WeatherCell.swift; sourceTree = "<group>"; };
		FA5728E125AA42F900EFCF46 /* WeatherCell.xib */ = {isa = PBXFileReference; lastKnownFileType = file.xib; path = WeatherCell.xib; sourceTree = "<group>"; };
		FA5728E825AA487C00EFCF46 /* UITableView+Extension.swift */ = {isa = PBXFileReference; lastKnownFileType = sourcecode.swift; path = "UITableView+Extension.swift"; sourceTree = "<group>"; };
		FA7B1AEF25AAF5200028DD70 /* DetailViewController.swift */ = {isa = PBXFileReference; lastKnownFileType = sourcecode.swift; path = DetailViewController.swift; sourceTree = "<group>"; };
		FA7B1AF025AAF5200028DD70 /* DetailViewController.xib */ = {isa = PBXFileReference; lastKnownFileType = file.xib; path = DetailViewController.xib; sourceTree = "<group>"; };
/* End PBXFileReference section */

/* Begin PBXFrameworksBuildPhase section */
		FA57287E25A9E26800EFCF46 /* Frameworks */ = {
			isa = PBXFrameworksBuildPhase;
			buildActionMask = 2147483647;
			files = (
			);
			runOnlyForDeploymentPostprocessing = 0;
		};
/* End PBXFrameworksBuildPhase section */

/* Begin PBXGroup section */
		FA57287825A9E26800EFCF46 = {
			isa = PBXGroup;
			children = (
				FA57288325A9E26800EFCF46 /* WeatherApp */,
				FA57288225A9E26800EFCF46 /* Products */,
			);
			sourceTree = "<group>";
		};
		FA57288225A9E26800EFCF46 /* Products */ = {
			isa = PBXGroup;
			children = (
				FA57288125A9E26800EFCF46 /* WeatherApp.app */,
			);
			name = Products;
			sourceTree = "<group>";
		};
		FA57288325A9E26800EFCF46 /* WeatherApp */ = {
			isa = PBXGroup;
			children = (
				FA57288425A9E26800EFCF46 /* AppDelegate.swift */,
				FA5728AD25A9EB9900EFCF46 /* Constants.swift */,
				FA5728A425A9E6B400EFCF46 /* Controllers */,
				FA5728D725AA2D4B00EFCF46 /* Services */,
				FA5728B925A9F47E00EFCF46 /* Entities */,
				FA57289C25A9E49600EFCF46 /* Helpers */,
				FA57288D25A9E26A00EFCF46 /* Assets.xcassets */,
				FA57288F25A9E26A00EFCF46 /* LaunchScreen.storyboard */,
				FA57289225A9E26A00EFCF46 /* Info.plist */,
			);
			path = WeatherApp;
			sourceTree = "<group>";
		};
		FA57289C25A9E49600EFCF46 /* Helpers */ = {
			isa = PBXGroup;
			children = (
				FA5728E825AA487C00EFCF46 /* UITableView+Extension.swift */,
				FA5728A025A9E5F300EFCF46 /* NibInit.swift */,
				FA5728CB25AA186F00EFCF46 /* HTTPURLResponse+StatusCode.swift */,
			);
			path = Helpers;
			sourceTree = "<group>";
		};
		FA5728A425A9E6B400EFCF46 /* Controllers */ = {
			isa = PBXGroup;
			children = (
				FA5728A525A9E6BC00EFCF46 /* ListViewController */,
				FA7B1AEE25AAF4D60028DD70 /* DetailViewController */,
			);
			path = Controllers;
			sourceTree = "<group>";
		};
		FA5728A525A9E6BC00EFCF46 /* ListViewController */ = {
			isa = PBXGroup;
			children = (
				FA5728E625AA42FE00EFCF46 /* Views */,
				FA5728A625A9E6D700EFCF46 /* ListViewController.swift */,
				FA5728DC25AA382A00EFCF46 /* ListViewControllerDataModel.swift */,
				FA5728A725A9E6D700EFCF46 /* ListViewController.xib */,
			);
			path = ListViewController;
			sourceTree = "<group>";
		};
		FA5728B925A9F47E00EFCF46 /* Entities */ = {
			isa = PBXGroup;
			children = (
				FA5728C325AA08AD00EFCF46 /* Location.swift */,
				FA5728C825AA0F0200EFCF46 /* CityWeather.swift */,
				FA5728CE25AA245400EFCF46 /* WeatherCondition.swift */,
				FA5728D125AA247400EFCF46 /* CurrentWeather.swift */,
				FA5728D425AA2D0600EFCF46 /* PredictedWeather.swift */,
			);
			path = Entities;
			sourceTree = "<group>";
		};
		FA5728BA25A9F9ED00EFCF46 /* Networking */ = {
			isa = PBXGroup;
			children = (
				FA5728D825AA2D8700EFCF46 /* GetCityWeatherMultiRequestDecorator.swift */,
				FA5728BB25A9FA4400EFCF46 /* GetCityWeatherService.swift */,
				FA5728BE25A9FCA000EFCF46 /* NetworkHelpers.swift */,
			);
			path = Networking;
			sourceTree = "<group>";
		};
		FA5728D725AA2D4B00EFCF46 /* Services */ = {
			isa = PBXGroup;
			children = (
				FA5728BA25A9F9ED00EFCF46 /* Networking */,
			);
			path = Services;
			sourceTree = "<group>";
		};
		FA5728E625AA42FE00EFCF46 /* Views */ = {
			isa = PBXGroup;
			children = (
				FA5728E025AA42F900EFCF46 /* WeatherCell.swift */,
				FA5728E125AA42F900EFCF46 /* WeatherCell.xib */,
			);
			path = Views;
			sourceTree = "<group>";
		};
		FA7B1AEE25AAF4D60028DD70 /* DetailViewController */ = {
			isa = PBXGroup;
			children = (
				FA7B1AEF25AAF5200028DD70 /* DetailViewController.swift */,
				FA7B1AF025AAF5200028DD70 /* DetailViewController.xib */,
			);
			path = DetailViewController;
			sourceTree = "<group>";
		};
/* End PBXGroup section */

/* Begin PBXNativeTarget section */
		FA57288025A9E26800EFCF46 /* WeatherApp */ = {
			isa = PBXNativeTarget;
			buildConfigurationList = FA57289525A9E26A00EFCF46 /* Build configuration list for PBXNativeTarget "WeatherApp" */;
			buildPhases = (
				FA57287D25A9E26800EFCF46 /* Sources */,
				FA57287E25A9E26800EFCF46 /* Frameworks */,
				FA57287F25A9E26800EFCF46 /* Resources */,
			);
			buildRules = (
			);
			dependencies = (
			);
			name = WeatherApp;
			productName = WeatherApp;
			productReference = FA57288125A9E26800EFCF46 /* WeatherApp.app */;
			productType = "com.apple.product-type.application";
		};
/* End PBXNativeTarget section */

/* Begin PBXProject section */
		FA57287925A9E26800EFCF46 /* Project object */ = {
			isa = PBXProject;
			attributes = {
				LastSwiftUpdateCheck = 1220;
				LastUpgradeCheck = 1220;
				TargetAttributes = {
					FA57288025A9E26800EFCF46 = {
						CreatedOnToolsVersion = 12.2;
					};
				};
			};
			buildConfigurationList = FA57287C25A9E26800EFCF46 /* Build configuration list for PBXProject "WeatherApp" */;
			compatibilityVersion = "Xcode 9.3";
			developmentRegion = en;
			hasScannedForEncodings = 0;
			knownRegions = (
				en,
				Base,
			);
			mainGroup = FA57287825A9E26800EFCF46;
			productRefGroup = FA57288225A9E26800EFCF46 /* Products */;
			projectDirPath = "";
			projectRoot = "";
			targets = (
				FA57288025A9E26800EFCF46 /* WeatherApp */,
			);
		};
/* End PBXProject section */

/* Begin PBXResourcesBuildPhase section */
		FA57287F25A9E26800EFCF46 /* Resources */ = {
			isa = PBXResourcesBuildPhase;
			buildActionMask = 2147483647;
			files = (
				FA5728E325AA42F900EFCF46 /* WeatherCell.xib in Resources */,
				FA57289125A9E26A00EFCF46 /* LaunchScreen.storyboard in Resources */,
				FA7B1AF225AAF5200028DD70 /* DetailViewController.xib in Resources */,
				FA57288E25A9E26A00EFCF46 /* Assets.xcassets in Resources */,
				FA5728A925A9E6D700EFCF46 /* ListViewController.xib in Resources */,
			);
			runOnlyForDeploymentPostprocessing = 0;
		};
/* End PBXResourcesBuildPhase section */

/* Begin PBXSourcesBuildPhase section */
		FA57287D25A9E26800EFCF46 /* Sources */ = {
			isa = PBXSourcesBuildPhase;
			buildActionMask = 2147483647;
			files = (
				FA5728DD25AA382A00EFCF46 /* ListViewControllerDataModel.swift in Sources */,
				FA7B1AF125AAF5200028DD70 /* DetailViewController.swift in Sources */,
				FA5728BF25A9FCA000EFCF46 /* NetworkHelpers.swift in Sources */,
				FA5728E225AA42F900EFCF46 /* WeatherCell.swift in Sources */,
				FA5728D525AA2D0600EFCF46 /* PredictedWeather.swift in Sources */,
				FA5728D225AA247400EFCF46 /* CurrentWeather.swift in Sources */,
				FA5728AE25A9EB9900EFCF46 /* Constants.swift in Sources */,
				FA5728BC25A9FA4400EFCF46 /* GetCityWeatherService.swift in Sources */,
				FA57288525A9E26800EFCF46 /* AppDelegate.swift in Sources */,
				FA5728CF25AA245400EFCF46 /* WeatherCondition.swift in Sources */,
				FA5728A825A9E6D700EFCF46 /* ListViewController.swift in Sources */,
				FA5728C925AA0F0200EFCF46 /* CityWeather.swift in Sources */,
				FA5728A125A9E5F300EFCF46 /* NibInit.swift in Sources */,
				FA5728CC25AA186F00EFCF46 /* HTTPURLResponse+StatusCode.swift in Sources */,
				FA5728C425AA08AD00EFCF46 /* Location.swift in Sources */,
				FA5728D925AA2D8700EFCF46 /* GetCityWeatherMultiRequestDecorator.swift in Sources */,
				FA5728E925AA487C00EFCF46 /* UITableView+Extension.swift in Sources */,
			);
			runOnlyForDeploymentPostprocessing = 0;
		};
/* End PBXSourcesBuildPhase section */

/* Begin PBXVariantGroup section */
		FA57288F25A9E26A00EFCF46 /* LaunchScreen.storyboard */ = {
			isa = PBXVariantGroup;
			children = (
				FA57289025A9E26A00EFCF46 /* Base */,
			);
			name = LaunchScreen.storyboard;
			sourceTree = "<group>";
		};
/* End PBXVariantGroup section */

/* Begin XCBuildConfiguration section */
		FA57289325A9E26A00EFCF46 /* Debug */ = {
			isa = XCBuildConfiguration;
			buildSettings = {
				ALWAYS_SEARCH_USER_PATHS = NO;
				CLANG_ANALYZER_NONNULL = YES;
				CLANG_ANALYZER_NUMBER_OBJECT_CONVERSION = YES_AGGRESSIVE;
				CLANG_CXX_LANGUAGE_STANDARD = "gnu++14";
				CLANG_CXX_LIBRARY = "libc++";
				CLANG_ENABLE_MODULES = YES;
				CLANG_ENABLE_OBJC_ARC = YES;
				CLANG_ENABLE_OBJC_WEAK = YES;
				CLANG_WARN_BLOCK_CAPTURE_AUTORELEASING = YES;
				CLANG_WARN_BOOL_CONVERSION = YES;
				CLANG_WARN_COMMA = YES;
				CLANG_WARN_CONSTANT_CONVERSION = YES;
				CLANG_WARN_DEPRECATED_OBJC_IMPLEMENTATIONS = YES;
				CLANG_WARN_DIRECT_OBJC_ISA_USAGE = YES_ERROR;
				CLANG_WARN_DOCUMENTATION_COMMENTS = YES;
				CLANG_WARN_EMPTY_BODY = YES;
				CLANG_WARN_ENUM_CONVERSION = YES;
				CLANG_WARN_INFINITE_RECURSION = YES;
				CLANG_WARN_INT_CONVERSION = YES;
				CLANG_WARN_NON_LITERAL_NULL_CONVERSION = YES;
				CLANG_WARN_OBJC_IMPLICIT_RETAIN_SELF = YES;
				CLANG_WARN_OBJC_LITERAL_CONVERSION = YES;
				CLANG_WARN_OBJC_ROOT_CLASS = YES_ERROR;
				CLANG_WARN_QUOTED_INCLUDE_IN_FRAMEWORK_HEADER = YES;
				CLANG_WARN_RANGE_LOOP_ANALYSIS = YES;
				CLANG_WARN_STRICT_PROTOTYPES = YES;
				CLANG_WARN_SUSPICIOUS_MOVE = YES;
				CLANG_WARN_UNGUARDED_AVAILABILITY = YES_AGGRESSIVE;
				CLANG_WARN_UNREACHABLE_CODE = YES;
				CLANG_WARN__DUPLICATE_METHOD_MATCH = YES;
				COPY_PHASE_STRIP = NO;
				DEBUG_INFORMATION_FORMAT = dwarf;
				ENABLE_STRICT_OBJC_MSGSEND = YES;
				ENABLE_TESTABILITY = YES;
				GCC_C_LANGUAGE_STANDARD = gnu11;
				GCC_DYNAMIC_NO_PIC = NO;
				GCC_NO_COMMON_BLOCKS = YES;
				GCC_OPTIMIZATION_LEVEL = 0;
				GCC_PREPROCESSOR_DEFINITIONS = (
					"DEBUG=1",
					"$(inherited)",
				);
				GCC_WARN_64_TO_32_BIT_CONVERSION = YES;
				GCC_WARN_ABOUT_RETURN_TYPE = YES_ERROR;
				GCC_WARN_UNDECLARED_SELECTOR = YES;
				GCC_WARN_UNINITIALIZED_AUTOS = YES_AGGRESSIVE;
				GCC_WARN_UNUSED_FUNCTION = YES;
				GCC_WARN_UNUSED_VARIABLE = YES;
				IPHONEOS_DEPLOYMENT_TARGET = 14.2;
				MTL_ENABLE_DEBUG_INFO = INCLUDE_SOURCE;
				MTL_FAST_MATH = YES;
				ONLY_ACTIVE_ARCH = YES;
				SDKROOT = iphoneos;
				SWIFT_ACTIVE_COMPILATION_CONDITIONS = DEBUG;
				SWIFT_OPTIMIZATION_LEVEL = "-Onone";
			};
			name = Debug;
		};
		FA57289425A9E26A00EFCF46 /* Release */ = {
			isa = XCBuildConfiguration;
			buildSettings = {
				ALWAYS_SEARCH_USER_PATHS = NO;
				CLANG_ANALYZER_NONNULL = YES;
				CLANG_ANALYZER_NUMBER_OBJECT_CONVERSION = YES_AGGRESSIVE;
				CLANG_CXX_LANGUAGE_STANDARD = "gnu++14";
				CLANG_CXX_LIBRARY = "libc++";
				CLANG_ENABLE_MODULES = YES;
				CLANG_ENABLE_OBJC_ARC = YES;
				CLANG_ENABLE_OBJC_WEAK = YES;
				CLANG_WARN_BLOCK_CAPTURE_AUTORELEASING = YES;
				CLANG_WARN_BOOL_CONVERSION = YES;
				CLANG_WARN_COMMA = YES;
				CLANG_WARN_CONSTANT_CONVERSION = YES;
				CLANG_WARN_DEPRECATED_OBJC_IMPLEMENTATIONS = YES;
				CLANG_WARN_DIRECT_OBJC_ISA_USAGE = YES_ERROR;
				CLANG_WARN_DOCUMENTATION_COMMENTS = YES;
				CLANG_WARN_EMPTY_BODY = YES;
				CLANG_WARN_ENUM_CONVERSION = YES;
				CLANG_WARN_INFINITE_RECURSION = YES;
				CLANG_WARN_INT_CONVERSION = YES;
				CLANG_WARN_NON_LITERAL_NULL_CONVERSION = YES;
				CLANG_WARN_OBJC_IMPLICIT_RETAIN_SELF = YES;
				CLANG_WARN_OBJC_LITERAL_CONVERSION = YES;
				CLANG_WARN_OBJC_ROOT_CLASS = YES_ERROR;
				CLANG_WARN_QUOTED_INCLUDE_IN_FRAMEWORK_HEADER = YES;
				CLANG_WARN_RANGE_LOOP_ANALYSIS = YES;
				CLANG_WARN_STRICT_PROTOTYPES = YES;
				CLANG_WARN_SUSPICIOUS_MOVE = YES;
				CLANG_WARN_UNGUARDED_AVAILABILITY = YES_AGGRESSIVE;
				CLANG_WARN_UNREACHABLE_CODE = YES;
				CLANG_WARN__DUPLICATE_METHOD_MATCH = YES;
				COPY_PHASE_STRIP = NO;
				DEBUG_INFORMATION_FORMAT = "dwarf-with-dsym";
				ENABLE_NS_ASSERTIONS = NO;
				ENABLE_STRICT_OBJC_MSGSEND = YES;
				GCC_C_LANGUAGE_STANDARD = gnu11;
				GCC_NO_COMMON_BLOCKS = YES;
				GCC_WARN_64_TO_32_BIT_CONVERSION = YES;
				GCC_WARN_ABOUT_RETURN_TYPE = YES_ERROR;
				GCC_WARN_UNDECLARED_SELECTOR = YES;
				GCC_WARN_UNINITIALIZED_AUTOS = YES_AGGRESSIVE;
				GCC_WARN_UNUSED_FUNCTION = YES;
				GCC_WARN_UNUSED_VARIABLE = YES;
				IPHONEOS_DEPLOYMENT_TARGET = 14.2;
				MTL_ENABLE_DEBUG_INFO = NO;
				MTL_FAST_MATH = YES;
				SDKROOT = iphoneos;
				SWIFT_COMPILATION_MODE = wholemodule;
				SWIFT_OPTIMIZATION_LEVEL = "-O";
				VALIDATE_PRODUCT = YES;
			};
			name = Release;
		};
		FA57289625A9E26A00EFCF46 /* Debug */ = {
			isa = XCBuildConfiguration;
			buildSettings = {
				ASSETCATALOG_COMPILER_APPICON_NAME = AppIcon;
				ASSETCATALOG_COMPILER_GLOBAL_ACCENT_COLOR_NAME = AccentColor;
				CODE_SIGN_STYLE = Automatic;
				INFOPLIST_FILE = WeatherApp/Info.plist;
				LD_RUNPATH_SEARCH_PATHS = (
					"$(inherited)",
					"@executable_path/Frameworks",
				);
				PRODUCT_BUNDLE_IDENTIFIER = com.tata.WeatherApp;
				PRODUCT_NAME = "$(TARGET_NAME)";
				SWIFT_VERSION = 5.0;
				TARGETED_DEVICE_FAMILY = "1,2";
			};
			name = Debug;
		};
		FA57289725A9E26A00EFCF46 /* Release */ = {
			isa = XCBuildConfiguration;
			buildSettings = {
				ASSETCATALOG_COMPILER_APPICON_NAME = AppIcon;
				ASSETCATALOG_COMPILER_GLOBAL_ACCENT_COLOR_NAME = AccentColor;
				CODE_SIGN_STYLE = Automatic;
				INFOPLIST_FILE = WeatherApp/Info.plist;
				LD_RUNPATH_SEARCH_PATHS = (
					"$(inherited)",
					"@executable_path/Frameworks",
				);
				PRODUCT_BUNDLE_IDENTIFIER = com.tata.WeatherApp;
				PRODUCT_NAME = "$(TARGET_NAME)";
				SWIFT_VERSION = 5.0;
				TARGETED_DEVICE_FAMILY = "1,2";
			};
			name = Release;
		};
/* End XCBuildConfiguration section */

/* Begin XCConfigurationList section */
		FA57287C25A9E26800EFCF46 /* Build configuration list for PBXProject "WeatherApp" */ = {
			isa = XCConfigurationList;
			buildConfigurations = (
				FA57289325A9E26A00EFCF46 /* Debug */,
				FA57289425A9E26A00EFCF46 /* Release */,
			);
			defaultConfigurationIsVisible = 0;
			defaultConfigurationName = Release;
		};
		FA57289525A9E26A00EFCF46 /* Build configuration list for PBXNativeTarget "WeatherApp" */ = {
			isa = XCConfigurationList;
			buildConfigurations = (
				FA57289625A9E26A00EFCF46 /* Debug */,
				FA57289725A9E26A00EFCF46 /* Release */,
			);
			defaultConfigurationIsVisible = 0;
			defaultConfigurationName = Release;
		};
/* End XCConfigurationList section */
	};
	rootObject = FA57287925A9E26800EFCF46 /* Project object */;
}
